// !$*UTF8*$!
{
	archiveVersion = 1;
	classes = {
	};
	objectVersion = 46;
	objects = {

/* Begin PBXBuildFile section */
		33EB11371D994C7100324739 /* AppDelegate.swift in Sources */ = {isa = PBXBuildFile; fileRef = 33EB11361D994C7100324739 /* AppDelegate.swift */; };
		33EB11391D994C7100324739 /* ViewController.swift in Sources */ = {isa = PBXBuildFile; fileRef = 33EB11381D994C7100324739 /* ViewController.swift */; };
		33EB113C1D994C7100324739 /* Main.storyboard in Resources */ = {isa = PBXBuildFile; fileRef = 33EB113A1D994C7100324739 /* Main.storyboard */; };
		33EB113F1D994C7200324739 /* keyboard_move_up_UI.xcdatamodeld in Sources */ = {isa = PBXBuildFile; fileRef = 33EB113D1D994C7200324739 /* keyboard_move_up_UI.xcdatamodeld */; };
		33EB11411D994C7200324739 /* Assets.xcassets in Resources */ = {isa = PBXBuildFile; fileRef = 33EB11401D994C7200324739 /* Assets.xcassets */; };
		33EB11441D994C7200324739 /* LaunchScreen.storyboard in Resources */ = {isa = PBXBuildFile; fileRef = 33EB11421D994C7200324739 /* LaunchScreen.storyboard */; };
/* End PBXBuildFile section */

/* Begin PBXFileReference section */
		33EB11331D994C7000324739 /* keyboard-move-up-UI.app */ = {isa = PBXFileReference; explicitFileType = wrapper.application; includeInIndex = 0; path = "keyboard-move-up-UI.app"; sourceTree = BUILT_PRODUCTS_DIR; };
		33EB11361D994C7100324739 /* AppDelegate.swift */ = {isa = PBXFileReference; lastKnownFileType = sourcecode.swift; path = AppDelegate.swift; sourceTree = "<group>"; };
		33EB11381D994C7100324739 /* ViewController.swift */ = {isa = PBXFileReference; lastKnownFileType = sourcecode.swift; path = ViewController.swift; sourceTree = "<group>"; };
		33EB113B1D994C7100324739 /* Base */ = {isa = PBXFileReference; lastKnownFileType = file.storyboard; name = Base; path = Base.lproj/Main.storyboard; sourceTree = "<group>"; };
		33EB113E1D994C7200324739 /* keyboard_move_up_UI.xcdatamodel */ = {isa = PBXFileReference; lastKnownFileType = wrapper.xcdatamodel; path = keyboard_move_up_UI.xcdatamodel; sourceTree = "<group>"; };
		33EB11401D994C7200324739 /* Assets.xcassets */ = {isa = PBXFileReference; lastKnownFileType = folder.assetcatalog; path = Assets.xcassets; sourceTree = "<group>"; };
		33EB11431D994C7200324739 /* Base */ = {isa = PBXFileReference; lastKnownFileType = file.storyboard; name = Base; path = Base.lproj/LaunchScreen.storyboard; sourceTree = "<group>"; };
		33EB11451D994C7300324739 /* Info.plist */ = {isa = PBXFileReference; lastKnownFileType = text.plist.xml; path = Info.plist; sourceTree = "<group>"; };
/* End PBXFileReference section */

/* Begin PBXFrameworksBuildPhase section */
		33EB11301D994C7000324739 /* Frameworks */ = {
			isa = PBXFrameworksBuildPhase;
			buildActionMask = 2147483647;
			files = (
			);
			runOnlyForDeploymentPostprocessing = 0;
		};
/* End PBXFrameworksBuildPhase section */

/* Begin PBXGroup section */
		33EB112A1D994C7000324739 = {
			isa = PBXGroup;
			children = (
				33EB11351D994C7100324739 /* keyboard-move-up-UI */,
				33EB11341D994C7000324739 /* Products */,
			);
			sourceTree = "<group>";
		};
		33EB11341D994C7000324739 /* Products */ = {
			isa = PBXGroup;
			children = (
				33EB11331D994C7000324739 /* keyboard-move-up-UI.app */,
			);
			name = Products;
			sourceTree = "<group>";
		};
		33EB11351D994C7100324739 /* keyboard-move-up-UI */ = {
			isa = PBXGroup;
			children = (
				33EB11361D994C7100324739 /* AppDelegate.swift */,
				33EB11381D994C7100324739 /* ViewController.swift */,
				33EB113A1D994C7100324739 /* Main.storyboard */,
				33EB11401D994C7200324739 /* Assets.xcassets */,
				33EB11421D994C7200324739 /* LaunchScreen.storyboard */,
				33EB11451D994C7300324739 /* Info.plist */,
				33EB113D1D994C7200324739 /* keyboard_move_up_UI.xcdatamodeld */,
			);
			path = "keyboard-move-up-UI";
			sourceTree = "<group>";
		};
/* End PBXGroup section */

/* Begin PBXNativeTarget section */
		33EB11321D994C7000324739 /* keyboard-move-up-UI */ = {
			isa = PBXNativeTarget;
			buildConfigurationList = 33EB11481D994C7300324739 /* Build configuration list for PBXNativeTarget "keyboard-move-up-UI" */;
			buildPhases = (
				33EB112F1D994C7000324739 /* Sources */,
				33EB11301D994C7000324739 /* Frameworks */,
				33EB11311D994C7000324739 /* Resources */,
			);
			buildRules = (
			);
			dependencies = (
			);
			name = "keyboard-move-up-UI";
			productName = "keyboard-move-up-UI";
			productReference = 33EB11331D994C7000324739 /* keyboard-move-up-UI.app */;
			productType = "com.apple.product-type.application";
		};
/* End PBXNativeTarget section */

/* Begin PBXProject section */
		33EB112B1D994C7000324739 /* Project object */ = {
			isa = PBXProject;
			attributes = {
				LastSwiftUpdateCheck = 0730;
				LastUpgradeCheck = 0730;
				ORGANIZATIONNAME = Introp;
				TargetAttributes = {
					33EB11321D994C7000324739 = {
						CreatedOnToolsVersion = 7.3.1;
					};
				};
			};
			buildConfigurationList = 33EB112E1D994C7000324739 /* Build configuration list for PBXProject "keyboard-move-up-UI" */;
			compatibilityVersion = "Xcode 3.2";
			developmentRegion = English;
			hasScannedForEncodings = 0;
			knownRegions = (
				en,
				Base,
			);
			mainGroup = 33EB112A1D994C7000324739;
			productRefGroup = 33EB11341D994C7000324739 /* Products */;
			projectDirPath = "";
			projectRoot = "";
			targets = (
				33EB11321D994C7000324739 /* keyboard-move-up-UI */,
			);
		};
/* End PBXProject section */

/* Begin PBXResourcesBuildPhase section */
		33EB11311D994C7000324739 /* Resources */ = {
			isa = PBXResourcesBuildPhase;
			buildActionMask = 2147483647;
			files = (
				33EB11441D994C7200324739 /* LaunchScreen.storyboard in Resources */,
				33EB11411D994C7200324739 /* Assets.xcassets in Resources */,
				33EB113C1D994C7100324739 /* Main.storyboard in Resources */,
			);
			runOnlyForDeploymentPostprocessing = 0;
		};
/* End PBXResourcesBuildPhase section */

/* Begin PBXSourcesBuildPhase section */
		33EB112F1D994C7000324739 /* Sources */ = {
			isa = PBXSourcesBuildPhase;
			buildActionMask = 2147483647;
			files = (
				33EB113F1D994C7200324739 /* keyboard_move_up_UI.xcdatamodeld in Sources */,
				33EB11391D994C7100324739 /* ViewController.swift in Sources */,
				33EB11371D994C7100324739 /* AppDelegate.swift in Sources */,
			);
			runOnlyForDeploymentPostprocessing = 0;
		};
/* End PBXSourcesBuildPhase section */

/* Begin PBXVariantGroup section */
		33EB113A1D994C7100324739 /* Main.storyboard */ = {
			isa = PBXVariantGroup;
			children = (
				33EB113B1D994C7100324739 /* Base */,
			);
			name = Main.storyboard;
			sourceTree = "<group>";
		};
		33EB11421D994C7200324739 /* LaunchScreen.storyboard */ = {
			isa = PBXVariantGroup;
			children = (
				33EB11431D994C7200324739 /* Base */,
			);
			name = LaunchScreen.storyboard;
			sourceTree = "<group>";
		};
/* End PBXVariantGroup section */

/* Begin XCBuildConfiguration section */
		33EB11461D994C7300324739 /* Debug */ = {
			isa = XCBuildConfiguration;
			buildSettings = {
				ALWAYS_SEARCH_USER_PATHS = NO;
				CLANG_ANALYZER_NONNULL = YES;
				CLANG_CXX_LANGUAGE_STANDARD = "gnu++0x";
				CLANG_CXX_LIBRARY = "libc++";
				CLANG_ENABLE_MODULES = YES;
				CLANG_ENABLE_OBJC_ARC = YES;
				CLANG_WARN_BOOL_CONVERSION = YES;
				CLANG_WARN_CONSTANT_CONVERSION = YES;
				CLANG_WARN_DIRECT_OBJC_ISA_USAGE = YES_ERROR;
				CLANG_WARN_EMPTY_BODY = YES;
				CLANG_WARN_ENUM_CONVERSION = YES;
				CLANG_WARN_INT_CONVERSION = YES;
				CLANG_WARN_OBJC_ROOT_CLASS = YES_ERROR;
				CLANG_WARN_UNREACHABLE_CODE = YES;
				CLANG_WARN__DUPLICATE_METHOD_MATCH = YES;
				"CODE_SIGN_IDENTITY[sdk=iphoneos*]" = "iPhone Developer";
				COPY_PHASE_STRIP = NO;
				DEBUG_INFORMATION_FORMAT = dwarf;
				ENABLE_STRICT_OBJC_MSGSEND = YES;
				ENABLE_TESTABILITY = YES;
				GCC_C_LANGUAGE_STANDARD = gnu99;
				GCC_DYNAMIC_NO_PIC = NO;
				GCC_NO_COMMON_BLOCKS = YES;
				GCC_OPTIMIZATION_LEVEL = 0;
				GCC_PREPROCESSOR_DEFINITIONS = (
					"DEBUG=1",
					"$(inherited)",
				);
				GCC_WARN_64_TO_32_BIT_CONVERSION = YES;
				GCC_WARN_ABOUT_RETURN_TYPE = YES_ERROR;
				GCC_WARN_UNDECLARED_SELECTOR = YES;
				GCC_WARN_UNINITIALIZED_AUTOS = YES_AGGRESSIVE;
				GCC_WARN_UNUSED_FUNCTION = YES;
				GCC_WARN_UNUSED_VARIABLE = YES;
				IPHONEOS_DEPLOYMENT_TARGET = 9.3;
				MTL_ENABLE_DEBUG_INFO = YES;
				ONLY_ACTIVE_ARCH = YES;
				SDKROOT = iphoneos;
				SWIFT_OPTIMIZATION_LEVEL = "-Onone";
				TARGETED_DEVICE_FAMILY = "1,2";
			};
			name = Debug;
		};
		33EB11471D994C7300324739 /* Release */ = {
			isa = XCBuildConfiguration;
			buildSettings = {
				ALWAYS_SEARCH_USER_PATHS = NO;
				CLANG_ANALYZER_NONNULL = YES;
				CLANG_CXX_LANGUAGE_STANDARD = "gnu++0x";
				CLANG_CXX_LIBRARY = "libc++";
				CLANG_ENABLE_MODULES = YES;
				CLANG_ENABLE_OBJC_ARC = YES;
				CLANG_WARN_BOOL_CONVERSION = YES;
				CLANG_WARN_CONSTANT_CONVERSION = YES;
				CLANG_WARN_DIRECT_OBJC_ISA_USAGE = YES_ERROR;
				CLANG_WARN_EMPTY_BODY = YES;
				CLANG_WARN_ENUM_CONVERSION = YES;
				CLANG_WARN_INT_CONVERSION = YES;
				CLANG_WARN_OBJC_ROOT_CLASS = YES_ERROR;
				CLANG_WARN_UNREACHABLE_CODE = YES;
				CLANG_WARN__DUPLICATE_METHOD_MATCH = YES;
				"CODE_SIGN_IDENTITY[sdk=iphoneos*]" = "iPhone Developer";
				COPY_PHASE_STRIP = NO;
				DEBUG_INFORMATION_FORMAT = "dwarf-with-dsym";
				ENABLE_NS_ASSERTIONS = NO;
				ENABLE_STRICT_OBJC_MSGSEND = YES;
				GCC_C_LANGUAGE_STANDARD = gnu99;
				GCC_NO_COMMON_BLOCKS = YES;
				GCC_WARN_64_TO_32_BIT_CONVERSION = YES;
				GCC_WARN_ABOUT_RETURN_TYPE = YES_ERROR;
				GCC_WARN_UNDECLARED_SELECTOR = YES;
				GCC_WARN_UNINITIALIZED_AUTOS = YES_AGGRESSIVE;
				GCC_WARN_UNUSED_FUNCTION = YES;
				GCC_WARN_UNUSED_VARIABLE = YES;
				IPHONEOS_DEPLOYMENT_TARGET = 9.3;
				MTL_ENABLE_DEBUG_INFO = NO;
				SDKROOT = iphoneos;
				TARGETED_DEVICE_FAMILY = "1,2";
				VALIDATE_PRODUCT = YES;
			};
			name = Release;
		};
		33EB11491D994C7300324739 /* Debug */ = {
			isa = XCBuildConfiguration;
			buildSettings = {
				ASSETCATALOG_COMPILER_APPICON_NAME = AppIcon;
				INFOPLIST_FILE = "keyboard-move-up-UI/Info.plist";
				LD_RUNPATH_SEARCH_PATHS = "$(inherited) @executable_path/Frameworks";
				PRODUCT_BUNDLE_IDENTIFIER = "com.example.keyboard-move-up-UI";
				PRODUCT_NAME = "$(TARGET_NAME)";
			};
			name = Debug;
		};
		33EB114A1D994C7300324739 /* Release */ = {
			isa = XCBuildConfiguration;
			buildSettings = {
				ASSETCATALOG_COMPILER_APPICON_NAME = AppIcon;
				INFOPLIST_FILE = "keyboard-move-up-UI/Info.plist";
				LD_RUNPATH_SEARCH_PATHS = "$(inherited) @executable_path/Frameworks";
				PRODUCT_BUNDLE_IDENTIFIER = "com.example.keyboard-move-up-UI";
				PRODUCT_NAME = "$(TARGET_NAME)";
			};
			name = Release;
		};
/* End XCBuildConfiguration section */

/* Begin XCConfigurationList section */
		33EB112E1D994C7000324739 /* Build configuration list for PBXProject "keyboard-move-up-UI" */ = {
			isa = XCConfigurationList;
			buildConfigurations = (
				33EB11461D994C7300324739 /* Debug */,
				33EB11471D994C7300324739 /* Release */,
			);
			defaultConfigurationIsVisible = 0;
			defaultConfigurationName = Release;
		};
		33EB11481D994C7300324739 /* Build configuration list for PBXNativeTarget "keyboard-move-up-UI" */ = {
			isa = XCConfigurationList;
			buildConfigurations = (
				33EB11491D994C7300324739 /* Debug */,
				33EB114A1D994C7300324739 /* Release */,
			);
			defaultConfigurationIsVisible = 0;
		};
/* End XCConfigurationList section */

/* Begin XCVersionGroup section */
		33EB113D1D994C7200324739 /* keyboard_move_up_UI.xcdatamodeld */ = {
			isa = XCVersionGroup;
			children = (
				33EB113E1D994C7200324739 /* keyboard_move_up_UI.xcdatamodel */,
			);
			currentVersion = 33EB113E1D994C7200324739 /* keyboard_move_up_UI.xcdatamodel */;
			path = keyboard_move_up_UI.xcdatamodeld;
			sourceTree = "<group>";
			versionGroupType = wrapper.xcdatamodel;
		};
/* End XCVersionGroup section */
	};
	rootObject = 33EB112B1D994C7000324739 /* Project object */;
}
